
Microsoft Visual Studio Solution File, Format Version 12.00
# Visual Studio Version 17
VisualStudioVersion = 17.5.33530.505
MinimumVisualStudioVersion = 10.0.40219.1
Project("{FAE04EC0-301F-11D3-BF4B-00C04F79EFBC}") = "geometria", "geometria\geometria.csproj", "{8DB2DC6E-6DD7-427C-992C-EE281864BCA7}"
EndProject
Global
	GlobalSection(SolutionConfigurationPlatforms) = preSolution
		Debug|Any CPU = Debug|Any CPU
		Release|Any CPU = Release|Any CPU
	EndGlobalSection
	GlobalSection(ProjectConfigurationPlatforms) = postSolution
		{8DB2DC6E-6DD7-427C-992C-EE281864BCA7}.Debug|Any CPU.ActiveCfg = Debug|Any CPU
		{8DB2DC6E-6DD7-427C-992C-EE281864BCA7}.Debug|Any CPU.Build.0 = Debug|Any CPU
		{8DB2DC6E-6DD7-427C-992C-EE281864BCA7}.Release|Any CPU.ActiveCfg = Release|Any CPU
		{8DB2DC6E-6DD7-427C-992C-EE281864BCA7}.Release|Any CPU.Build.0 = Release|Any CPU
	EndGlobalSection
	GlobalSection(SolutionProperties) = preSolution
		HideSolutionNode = FALSE
	EndGlobalSection
	GlobalSection(ExtensibilityGlobals) = postSolution
		SolutionGuid = {91C41236-C101-4B4A-8519-A13505C3129D}
	EndGlobalSection
EndGlobal
